PODS:
  - AFNetworking (1.3.4)
  - Kiwi (2.3.1)
  - MMWormhole (1.1.0):
    - MMWormhole/Core (= 1.1.0)
  - MMWormhole/Core (1.1.0)
  - TRAutocompleteView (1.1):
    - AFNetworking (~> 1.3.0)

DEPENDENCIES:
  - Kiwi
  - MMWormhole (~> 1.1.0)
  - TRAutocompleteView (~> 1.1)

SPEC CHECKSUMS:
  AFNetworking: 80c4e0652b08eb34e25b9c0ff3c82556fe5967b4
  Kiwi: 73e1400209055ee9c8ba78c6012b6b642d0fb9f7
  MMWormhole: 4730c4481718c2677412bf998422dbe305aa38a7
  TRAutocompleteView: 140d6cdd94cd74d957623750c55003a83950bf6d

COCOAPODS: 0.35.0
